
Microsoft Visual Studio Solution File, Format Version 12.00
# Visual Studio Version 16
VisualStudioVersion = 25.0.1704.2
MinimumVisualStudioVersion = 10.0.40219.1
Project("{FAE04EC0-301F-11D3-BF4B-00C04F79EFBC}") = "PixelColorCounter", "PixelColorCounter\PixelColorCounter.csproj", "{9DF9633B-BC5E-4088-84CC-EB7AE85EB507}"
EndProject
Global
	GlobalSection(SolutionConfigurationPlatforms) = preSolution
		Debug|Any CPU = Debug|Any CPU
		Release|Any CPU = Release|Any CPU
	EndGlobalSection
	GlobalSection(ProjectConfigurationPlatforms) = postSolution
		{9DF9633B-BC5E-4088-84CC-EB7AE85EB507}.Debug|Any CPU.ActiveCfg = Debug|Any CPU
		{9DF9633B-BC5E-4088-84CC-EB7AE85EB507}.Debug|Any CPU.Build.0 = Debug|Any CPU
		{9DF9633B-BC5E-4088-84CC-EB7AE85EB507}.Release|Any CPU.ActiveCfg = Release|Any CPU
		{9DF9633B-BC5E-4088-84CC-EB7AE85EB507}.Release|Any CPU.Build.0 = Release|Any CPU
	EndGlobalSection
	GlobalSection(SolutionProperties) = preSolution
		HideSolutionNode = FALSE
	EndGlobalSection
	GlobalSection(ExtensibilityGlobals) = postSolution
		SolutionGuid = {32BCB814-5E63-49F1-A069-FCE038B5073C}
	EndGlobalSection
EndGlobal
